
Microsoft Visual Studio Solution File, Format Version 12.00
# Visual Studio 15
VisualStudioVersion = 15.0.28010.2026
MinimumVisualStudioVersion = 10.0.40219.1
Project("{9A19103F-16F7-4668-BE54-9A1E7A4F7556}") = "ProgramozasiTetelek", "ProgramozasiTetelek\ProgramozasiTetelek.csproj", "{12FC1C49-B0BD-4B9A-AAF6-333875BF2847}"
EndProject
Project("{9A19103F-16F7-4668-BE54-9A1E7A4F7556}") = "ProgramozasiTetelek.Test", "ProgramozasiTetelek.Test\ProgramozasiTetelek.Test.csproj", "{BCCC1A7E-9AEC-4A76-93BD-D7EF3C86158D}"
EndProject
Project("{FAE04EC0-301F-11D3-BF4B-00C04F79EFBC}") = "Proba", "Proba\Proba.csproj", "{E4B8CE60-BE8A-4542-A91D-9384EDB7D721}"
EndProject
Project("{FAE04EC0-301F-11D3-BF4B-00C04F79EFBC}") = "ÉrettségiSegítő", "ÉrettségiSegítő\ÉrettségiSegítő.csproj", "{F721D9F6-F4EB-4CE2-9516-55EC0F2E4B73}"
EndProject
Global
	GlobalSection(SolutionConfigurationPlatforms) = preSolution
		Debug|Any CPU = Debug|Any CPU
		Release|Any CPU = Release|Any CPU
	EndGlobalSection
	GlobalSection(ProjectConfigurationPlatforms) = postSolution
		{12FC1C49-B0BD-4B9A-AAF6-333875BF2847}.Debug|Any CPU.ActiveCfg = Debug|Any CPU
		{12FC1C49-B0BD-4B9A-AAF6-333875BF2847}.Debug|Any CPU.Build.0 = Debug|Any CPU
		{12FC1C49-B0BD-4B9A-AAF6-333875BF2847}.Release|Any CPU.ActiveCfg = Release|Any CPU
		{12FC1C49-B0BD-4B9A-AAF6-333875BF2847}.Release|Any CPU.Build.0 = Release|Any CPU
		{BCCC1A7E-9AEC-4A76-93BD-D7EF3C86158D}.Debug|Any CPU.ActiveCfg = Debug|Any CPU
		{BCCC1A7E-9AEC-4A76-93BD-D7EF3C86158D}.Debug|Any CPU.Build.0 = Debug|Any CPU
		{BCCC1A7E-9AEC-4A76-93BD-D7EF3C86158D}.Release|Any CPU.ActiveCfg = Release|Any CPU
		{BCCC1A7E-9AEC-4A76-93BD-D7EF3C86158D}.Release|Any CPU.Build.0 = Release|Any CPU
		{E4B8CE60-BE8A-4542-A91D-9384EDB7D721}.Debug|Any CPU.ActiveCfg = Debug|Any CPU
		{E4B8CE60-BE8A-4542-A91D-9384EDB7D721}.Debug|Any CPU.Build.0 = Debug|Any CPU
		{E4B8CE60-BE8A-4542-A91D-9384EDB7D721}.Release|Any CPU.ActiveCfg = Release|Any CPU
		{E4B8CE60-BE8A-4542-A91D-9384EDB7D721}.Release|Any CPU.Build.0 = Release|Any CPU
		{F721D9F6-F4EB-4CE2-9516-55EC0F2E4B73}.Debug|Any CPU.ActiveCfg = Debug|Any CPU
		{F721D9F6-F4EB-4CE2-9516-55EC0F2E4B73}.Debug|Any CPU.Build.0 = Debug|Any CPU
		{F721D9F6-F4EB-4CE2-9516-55EC0F2E4B73}.Release|Any CPU.ActiveCfg = Release|Any CPU
		{F721D9F6-F4EB-4CE2-9516-55EC0F2E4B73}.Release|Any CPU.Build.0 = Release|Any CPU
	EndGlobalSection
	GlobalSection(SolutionProperties) = preSolution
		HideSolutionNode = FALSE
	EndGlobalSection
	GlobalSection(ExtensibilityGlobals) = postSolution
		SolutionGuid = {958BB109-9B7C-40C7-9272-88A31B25D3B6}
	EndGlobalSection
EndGlobal
